
Microsoft Visual Studio Solution File, Format Version 12.00
# Visual Studio Version 17
VisualStudioVersion = 17.8.34316.72
MinimumVisualStudioVersion = 10.0.40219.1
Project("{FAE04EC0-301F-11D3-BF4B-00C04F79EFBC}") = "AdventOfCode2023", "AdventOfCode2023.csproj", "{49B7BCBD-8D71-4834-9EA0-7D089DBCF359}"
EndProject
Global
	GlobalSection(SolutionConfigurationPlatforms) = preSolution
		Debug|Any CPU = Debug|Any CPU
		Release|Any CPU = Release|Any CPU
	EndGlobalSection
	GlobalSection(ProjectConfigurationPlatforms) = postSolution
		{49B7BCBD-8D71-4834-9EA0-7D089DBCF359}.Debug|Any CPU.ActiveCfg = Debug|Any CPU
		{49B7BCBD-8D71-4834-9EA0-7D089DBCF359}.Debug|Any CPU.Build.0 = Debug|Any CPU
		{49B7BCBD-8D71-4834-9EA0-7D089DBCF359}.Release|Any CPU.ActiveCfg = Release|Any CPU
		{49B7BCBD-8D71-4834-9EA0-7D089DBCF359}.Release|Any CPU.Build.0 = Release|Any CPU
	EndGlobalSection
	GlobalSection(SolutionProperties) = preSolution
		HideSolutionNode = FALSE
	EndGlobalSection
	GlobalSection(ExtensibilityGlobals) = postSolution
		SolutionGuid = {0BC0B555-29B3-48EC-B4B8-3A1916FA1111}
	EndGlobalSection
EndGlobal
